
Microsoft Visual Studio Solution File, Format Version 12.00
# Visual Studio 14
VisualStudioVersion = 14.0.25420.1
MinimumVisualStudioVersion = 10.0.40219.1
Project("{FAE04EC0-301F-11D3-BF4B-00C04F79EFBC}") = "Lotus.Foundation.Assets", "src\Foundation\Assets\code\Lotus.Foundation.Assets.csproj", "{D9DF2F85-F6BB-4BEF-AE30-C60709313EEF}"
EndProject
Project("{2150E333-8FDC-42A3-9474-1A3956D46DE8}") = "Foundation", "Foundation", "{E73999C9-1D21-43AD-ABEA-34781105EB4B}"
EndProject
Project("{2150E333-8FDC-42A3-9474-1A3956D46DE8}") = "Assets", "Assets", "{F7BC7E03-D674-4188-8237-DCB0103D6521}"
EndProject
Project("{2150E333-8FDC-42A3-9474-1A3956D46DE8}") = "src", "src", "{79DCF263-7F06-4AEA-BEFA-3DE4DD3D4D44}"
EndProject
Project("{2150E333-8FDC-42A3-9474-1A3956D46DE8}") = "code", "code", "{EC6D89B5-5788-4287-9E6E-96D8EA207FE4}"
EndProject
Project("{2150E333-8FDC-42A3-9474-1A3956D46DE8}") = "config", "config", "{ADE8F03B-0C2E-4680-87C3-A9FF293208F9}"
ProjectSection(SolutionItems) = preProject
	src\Foundation\Assets\config\Web.config.example = src\Foundation\Assets\config\Web.config.example
EndProjectSection
EndProject
Project("{2150E333-8FDC-42A3-9474-1A3956D46DE8}") = "App_Config", "App_Config", "{A80EA416-7F1B-4112-B4C8-CDB9AD1E27D1}"
ProjectSection(SolutionItems) = preProject
	src\Foundation\Assets\config\App_Config\RewriteRules.config.example = src\Foundation\Assets\config\App_Config\RewriteRules.config.example
EndProjectSection
EndProject
Project("{2150E333-8FDC-42A3-9474-1A3956D46DE8}") = "Include", "Include", "{4AEF624B-C06F-428F-8EB6-A72DD6D8F22A}"
EndProject
Project("{2150E333-8FDC-42A3-9474-1A3956D46DE8}") = "Extensions", "Extensions", "{03ADD3DD-E6DE-4A67-9BF6-4FC32BA408D9}"
EndProject
Project("{2150E333-8FDC-42A3-9474-1A3956D46DE8}") = "code", "code", "{2744EF12-1874-4BC2-8A86-7E7196F07F4E}"
EndProject
Project("{FAE04EC0-301F-11D3-BF4B-00C04F79EFBC}") = "Lotus.Foundation.Extensions", "src\Foundation\Extensions\code\Lotus.Foundation.Extensions.csproj", "{A4B1C128-3A32-4760-9321-D5E65CD519B4}"
EndProject
Project("{2150E333-8FDC-42A3-9474-1A3956D46DE8}") = "Logging", "Logging", "{BC7D1C22-4950-436E-BBAE-27CA816DFDF7}"
EndProject
Project("{2150E333-8FDC-42A3-9474-1A3956D46DE8}") = "code", "code", "{01344683-B785-423C-BE1F-5B618BA8075D}"
EndProject
Project("{FAE04EC0-301F-11D3-BF4B-00C04F79EFBC}") = "Lotus.Foundation.Logging", "src\Foundation\Logging\code\Lotus.Foundation.Logging.csproj", "{65F23213-3B77-4DC2-A824-BE988400BBAF}"
EndProject
Project("{2150E333-8FDC-42A3-9474-1A3956D46DE8}") = "config", "config", "{1229D5B1-FC45-437D-90FB-17FE36CFF50B}"
EndProject
Project("{2150E333-8FDC-42A3-9474-1A3956D46DE8}") = "App_Config", "App_Config", "{704C0FAE-B67C-4BA8-A19E-F95C12CBA03C}"
EndProject
Project("{2150E333-8FDC-42A3-9474-1A3956D46DE8}") = "Include", "Include", "{681B3AA1-9B62-4BE2-9D11-08807D9D6AAB}"
EndProject
Project("{2150E333-8FDC-42A3-9474-1A3956D46DE8}") = "Feature", "Feature", "{4B40C97C-950F-42FE-B8D0-B2B1EC5D9231}"
EndProject
Project("{2150E333-8FDC-42A3-9474-1A3956D46DE8}") = "Assets", "Assets", "{C96AA482-B4B1-4C5D-AB96-E6239FE116F3}"
EndProject
Project("{2150E333-8FDC-42A3-9474-1A3956D46DE8}") = "code", "code", "{4EC66CAB-DB30-4A24-8176-B3385173611E}"
EndProject
Project("{2150E333-8FDC-42A3-9474-1A3956D46DE8}") = "config", "config", "{BE709F3A-3ABD-42EC-830F-320C7B974223}"
EndProject
Project("{2150E333-8FDC-42A3-9474-1A3956D46DE8}") = "App_Config", "App_Config", "{6452DD4A-CA24-4ABB-A7C8-5D4E79EA4A50}"
EndProject
Project("{2150E333-8FDC-42A3-9474-1A3956D46DE8}") = "Include", "Include", "{779B5C80-5E2F-467C-9F73-C233921CEF92}"
EndProject
Project("{2150E333-8FDC-42A3-9474-1A3956D46DE8}") = "Foundation", "Foundation", "{09B27215-3579-4314-A3C7-761AF2C6A419}"
ProjectSection(SolutionItems) = preProject
	src\Foundation\Assets\config\App_Config\Include\Foundation\Foundation.Assets.config = src\Foundation\Assets\config\App_Config\Include\Foundation\Foundation.Assets.config
EndProjectSection
EndProject
Project("{2150E333-8FDC-42A3-9474-1A3956D46DE8}") = "Foundation", "Foundation", "{6D614AA9-7AC6-4347-BD21-CC18F3690986}"
ProjectSection(SolutionItems) = preProject
	src\Foundation\Logging\config\App_Config\Include\Foundation\Foundation.Logging.config = src\Foundation\Logging\config\App_Config\Include\Foundation\Foundation.Logging.config
EndProjectSection
EndProject
Project("{FAE04EC0-301F-11D3-BF4B-00C04F79EFBC}") = "Lotus.Feature.Assets", "src\Feature\Assets\code\Lotus.Feature.Assets.csproj", "{9CF8449C-1F0A-443C-B801-7D191ED18B9E}"
EndProject
Project("{2150E333-8FDC-42A3-9474-1A3956D46DE8}") = "Feature", "Feature", "{0A452F94-4E51-40D9-BE00-FBE63BFE862B}"
ProjectSection(SolutionItems) = preProject
	src\Feature\Assets\config\App_Config\Include\Feature\Feature.Assets.config = src\Feature\Assets\config\App_Config\Include\Feature\Feature.Assets.config
EndProjectSection
EndProject
Project("{2150E333-8FDC-42A3-9474-1A3956D46DE8}") = "WebControls", "WebControls", "{1F69FEDF-36C6-4101-B04A-FB7E297127DE}"
EndProject
Project("{2150E333-8FDC-42A3-9474-1A3956D46DE8}") = "code", "code", "{DF9596AF-C7DB-4033-932E-99CDF4556DEE}"
EndProject
Project("{FAE04EC0-301F-11D3-BF4B-00C04F79EFBC}") = "Lotus.Foundation.WebControls", "src\Foundation\WebControls\code\Lotus.Foundation.WebControls.csproj", "{F5C3FCBC-AFD8-490E-823E-0AD7B084381D}"
EndProject
Project("{2150E333-8FDC-42A3-9474-1A3956D46DE8}") = "config", "config", "{85F342B8-03AD-45D7-8B4E-2AEE4E99957E}"
ProjectSection(SolutionItems) = preProject
	src\Foundation\WebControls\config\Web.config.example = src\Foundation\WebControls\config\Web.config.example
EndProjectSection
EndProject
Project("{2150E333-8FDC-42A3-9474-1A3956D46DE8}") = "Caching", "Caching", "{72955615-3797-4061-AABE-8AA77658C611}"
EndProject
Project("{2150E333-8FDC-42A3-9474-1A3956D46DE8}") = "code", "code", "{DC502596-4F3B-4AA2-AAC9-61B02AFF64EF}"
EndProject
Project("{FAE04EC0-301F-11D3-BF4B-00C04F79EFBC}") = "Lotus.Foundation.Caching", "src\Foundation\Caching\code\Lotus.Foundation.Caching.csproj", "{3AE78E13-5DEA-4303-8D88-FC06D9268AA0}"
EndProject
Project("{2150E333-8FDC-42A3-9474-1A3956D46DE8}") = "config", "config", "{F9E04DDF-E136-40CE-B51D-A0263B0F4CD4}"
EndProject
Project("{2150E333-8FDC-42A3-9474-1A3956D46DE8}") = "App_Config", "App_Config", "{50FBD98F-D28D-41C8-864D-CF5E9AA4E160}"
EndProject
Project("{2150E333-8FDC-42A3-9474-1A3956D46DE8}") = "Include", "Include", "{695F0371-B955-467A-B6AD-270B68A4E7D1}"
EndProject
Project("{2150E333-8FDC-42A3-9474-1A3956D46DE8}") = "Foundation", "Foundation", "{D26FC6C3-80D7-43A2-BE0D-321FAFFC3BC5}"
ProjectSection(SolutionItems) = preProject
	src\Foundation\Caching\config\App_Config\Include\Foundation\Foundation.Cache.config = src\Foundation\Caching\config\App_Config\Include\Foundation\Foundation.Cache.config
EndProjectSection
EndProject
Project("{2150E333-8FDC-42A3-9474-1A3956D46DE8}") = "config", "config", "{6EB3A6D9-2DC8-4B29-98B9-735C6B5E3CE5}"
EndProject
Project("{2150E333-8FDC-42A3-9474-1A3956D46DE8}") = "App_Config", "App_Config", "{B7C7DD5C-AC34-4280-B10A-7217D70671C9}"
EndProject
Project("{2150E333-8FDC-42A3-9474-1A3956D46DE8}") = "Include", "Include", "{0A4BD712-15F2-4F22-925F-F99704B00078}"
EndProject
Project("{2150E333-8FDC-42A3-9474-1A3956D46DE8}") = "Foundation", "Foundation", "{905BFDA7-7B8F-48F1-96CE-46B75359E3BA}"
ProjectSection(SolutionItems) = preProject
	src\Foundation\Extensions\config\App_Config\Include\Foundation\Foundation.Extensions.config = src\Foundation\Extensions\config\App_Config\Include\Foundation\Foundation.Extensions.config
EndProjectSection
EndProject
Project("{2150E333-8FDC-42A3-9474-1A3956D46DE8}") = "MailChimp", "MailChimp", "{0E697866-9138-4CC5-8894-763AF24453D3}"
EndProject
Project("{2150E333-8FDC-42A3-9474-1A3956D46DE8}") = "code", "code", "{F99158D9-C39A-4145-90EE-8EF394D06AB9}"
EndProject
Project("{FAE04EC0-301F-11D3-BF4B-00C04F79EFBC}") = "Lotus.Feature.MailChimp", "src\Feature\MailChimp\code\Lotus.Feature.MailChimp.csproj", "{5DB1C586-6876-4982-AB6C-A28D48B257B1}"
EndProject
Project("{2150E333-8FDC-42A3-9474-1A3956D46DE8}") = "config", "config", "{B2181DAA-C7DA-4C2A-9B83-98C005278AAB}"
EndProject
Project("{2150E333-8FDC-42A3-9474-1A3956D46DE8}") = "App_Config", "App_Config", "{0F1DA1CF-F079-4094-89BE-CB0E216FEE06}"
EndProject
Project("{2150E333-8FDC-42A3-9474-1A3956D46DE8}") = "Include", "Include", "{9A9B2968-8AB2-49AD-B38A-AC681273D9E3}"
EndProject
Project("{2150E333-8FDC-42A3-9474-1A3956D46DE8}") = "Feature", "Feature", "{DEA891A5-C985-4BF4-B33E-CADC44B7E361}"
ProjectSection(SolutionItems) = preProject
	src\Feature\MailChimp\config\App_Config\Include\Feature\Feature.MailChimp.config = src\Feature\MailChimp\config\App_Config\Include\Feature\Feature.MailChimp.config
EndProjectSection
EndProject
Project("{2150E333-8FDC-42A3-9474-1A3956D46DE8}") = "App_Config", "App_Config", "{E617E10C-976E-41CA-932D-0F12BB3275D5}"
EndProject
Project("{2150E333-8FDC-42A3-9474-1A3956D46DE8}") = "Include", "Include", "{FD7313B6-3B98-4360-9969-D45E49A1C091}"
EndProject
Project("{2150E333-8FDC-42A3-9474-1A3956D46DE8}") = "Foundation", "Foundation", "{4A207183-C2F5-45DB-BE4E-788C2266DF01}"
ProjectSection(SolutionItems) = preProject
	src\Foundation\WebControls\config\App_Config\Include\Foundation\Foundation.WebControls.config = src\Foundation\WebControls\config\App_Config\Include\Foundation\Foundation.WebControls.config
EndProjectSection
EndProject
Project("{2150E333-8FDC-42A3-9474-1A3956D46DE8}") = "Kernel", "Kernel", "{1BB0813E-5F3D-4720-93AE-982DA27DA0C0}"
EndProject
Project("{2150E333-8FDC-42A3-9474-1A3956D46DE8}") = "code", "code", "{EF87547F-FDF5-4E1D-84C7-1D4E8AD1AE17}"
EndProject
Project("{FAE04EC0-301F-11D3-BF4B-00C04F79EFBC}") = "Lotus.Foundation.Kernel", "src\Foundation\Kernel\code\Lotus.Foundation.Kernel.csproj", "{EF8D739C-FDFD-40F2-934C-17AF17AAE61F}"
EndProject
Project("{2150E333-8FDC-42A3-9474-1A3956D46DE8}") = "Amazon.S3", "Amazon.S3", "{7A39E6A9-EABD-4E1E-AC04-8796D14AD4E4}"
EndProject
Project("{2150E333-8FDC-42A3-9474-1A3956D46DE8}") = "code", "code", "{F3439663-C250-4D1B-A298-3FCA5D2DB8F8}"
EndProject
Project("{FAE04EC0-301F-11D3-BF4B-00C04F79EFBC}") = "Lotus.Feature.Amazon.S3", "src\Feature\Amazon.S3\code\Lotus.Feature.Amazon.S3.csproj", "{73477AFE-689B-4084-A52A-B87F4B88DDC2}"
EndProject
Project("{2150E333-8FDC-42A3-9474-1A3956D46DE8}") = "RenderingTokens", "RenderingTokens", "{5CF3CDEB-555E-464D-B64E-47EE7FF1EDD7}"
EndProject
Project("{2150E333-8FDC-42A3-9474-1A3956D46DE8}") = "code", "code", "{BB641FE7-D7DF-4657-96A1-CD75B4FC9123}"
EndProject
Project("{2150E333-8FDC-42A3-9474-1A3956D46DE8}") = "config", "config", "{F3E578E9-8A4B-477F-B97C-0181D02FA96D}"
EndProject
Project("{FAE04EC0-301F-11D3-BF4B-00C04F79EFBC}") = "Lotus.Foundation.RenderingTokens", "src\Foundation\RenderingTokens\code\Lotus.Foundation.RenderingTokens\Lotus.Foundation.RenderingTokens.csproj", "{DD2FF588-9F63-4674-A3E3-DBBD418F7C70}"
EndProject
Project("{2150E333-8FDC-42A3-9474-1A3956D46DE8}") = "App_Config", "App_Config", "{8A0FB24A-8AD4-4076-8784-6A9446F3531F}"
EndProject
Project("{2150E333-8FDC-42A3-9474-1A3956D46DE8}") = "Include", "Include", "{30E926E5-858C-462E-9B1F-8FC228D22C28}"
EndProject
Project("{2150E333-8FDC-42A3-9474-1A3956D46DE8}") = "Foundation", "Foundation", "{4512F1FF-2618-4132-970C-2BC8814AC86B}"
ProjectSection(SolutionItems) = preProject
	src\Foundation\RenderingTokens\config\App_Config\Include\Foundation\Foundation.RenderingTokens.config = src\Foundation\RenderingTokens\config\App_Config\Include\Foundation\Foundation.RenderingTokens.config
EndProjectSection
EndProject
Global
	GlobalSection(SolutionConfigurationPlatforms) = preSolution
		Debug|Any CPU = Debug|Any CPU
		Release|Any CPU = Release|Any CPU
	EndGlobalSection
	GlobalSection(ProjectConfigurationPlatforms) = postSolution
		{D9DF2F85-F6BB-4BEF-AE30-C60709313EEF}.Debug|Any CPU.ActiveCfg = Debug|Any CPU
		{D9DF2F85-F6BB-4BEF-AE30-C60709313EEF}.Debug|Any CPU.Build.0 = Debug|Any CPU
		{D9DF2F85-F6BB-4BEF-AE30-C60709313EEF}.Release|Any CPU.ActiveCfg = Release|Any CPU
		{D9DF2F85-F6BB-4BEF-AE30-C60709313EEF}.Release|Any CPU.Build.0 = Release|Any CPU
		{A4B1C128-3A32-4760-9321-D5E65CD519B4}.Debug|Any CPU.ActiveCfg = Debug|Any CPU
		{A4B1C128-3A32-4760-9321-D5E65CD519B4}.Debug|Any CPU.Build.0 = Debug|Any CPU
		{A4B1C128-3A32-4760-9321-D5E65CD519B4}.Release|Any CPU.ActiveCfg = Release|Any CPU
		{A4B1C128-3A32-4760-9321-D5E65CD519B4}.Release|Any CPU.Build.0 = Release|Any CPU
		{65F23213-3B77-4DC2-A824-BE988400BBAF}.Debug|Any CPU.ActiveCfg = Debug|Any CPU
		{65F23213-3B77-4DC2-A824-BE988400BBAF}.Debug|Any CPU.Build.0 = Debug|Any CPU
		{65F23213-3B77-4DC2-A824-BE988400BBAF}.Release|Any CPU.ActiveCfg = Release|Any CPU
		{65F23213-3B77-4DC2-A824-BE988400BBAF}.Release|Any CPU.Build.0 = Release|Any CPU
		{9CF8449C-1F0A-443C-B801-7D191ED18B9E}.Debug|Any CPU.ActiveCfg = Debug|Any CPU
		{9CF8449C-1F0A-443C-B801-7D191ED18B9E}.Debug|Any CPU.Build.0 = Debug|Any CPU
		{9CF8449C-1F0A-443C-B801-7D191ED18B9E}.Release|Any CPU.ActiveCfg = Release|Any CPU
		{9CF8449C-1F0A-443C-B801-7D191ED18B9E}.Release|Any CPU.Build.0 = Release|Any CPU
		{F5C3FCBC-AFD8-490E-823E-0AD7B084381D}.Debug|Any CPU.ActiveCfg = Debug|Any CPU
		{F5C3FCBC-AFD8-490E-823E-0AD7B084381D}.Debug|Any CPU.Build.0 = Debug|Any CPU
		{F5C3FCBC-AFD8-490E-823E-0AD7B084381D}.Release|Any CPU.ActiveCfg = Release|Any CPU
		{F5C3FCBC-AFD8-490E-823E-0AD7B084381D}.Release|Any CPU.Build.0 = Release|Any CPU
		{3AE78E13-5DEA-4303-8D88-FC06D9268AA0}.Debug|Any CPU.ActiveCfg = Debug|Any CPU
		{3AE78E13-5DEA-4303-8D88-FC06D9268AA0}.Debug|Any CPU.Build.0 = Debug|Any CPU
		{3AE78E13-5DEA-4303-8D88-FC06D9268AA0}.Release|Any CPU.ActiveCfg = Release|Any CPU
		{3AE78E13-5DEA-4303-8D88-FC06D9268AA0}.Release|Any CPU.Build.0 = Release|Any CPU
		{5DB1C586-6876-4982-AB6C-A28D48B257B1}.Debug|Any CPU.ActiveCfg = Debug|Any CPU
		{5DB1C586-6876-4982-AB6C-A28D48B257B1}.Debug|Any CPU.Build.0 = Debug|Any CPU
		{5DB1C586-6876-4982-AB6C-A28D48B257B1}.Release|Any CPU.ActiveCfg = Release|Any CPU
		{5DB1C586-6876-4982-AB6C-A28D48B257B1}.Release|Any CPU.Build.0 = Release|Any CPU
		{EF8D739C-FDFD-40F2-934C-17AF17AAE61F}.Debug|Any CPU.ActiveCfg = Debug|Any CPU
		{EF8D739C-FDFD-40F2-934C-17AF17AAE61F}.Debug|Any CPU.Build.0 = Debug|Any CPU
		{EF8D739C-FDFD-40F2-934C-17AF17AAE61F}.Release|Any CPU.ActiveCfg = Release|Any CPU
		{EF8D739C-FDFD-40F2-934C-17AF17AAE61F}.Release|Any CPU.Build.0 = Release|Any CPU
		{73477AFE-689B-4084-A52A-B87F4B88DDC2}.Debug|Any CPU.ActiveCfg = Debug|Any CPU
		{73477AFE-689B-4084-A52A-B87F4B88DDC2}.Debug|Any CPU.Build.0 = Debug|Any CPU
		{73477AFE-689B-4084-A52A-B87F4B88DDC2}.Release|Any CPU.ActiveCfg = Release|Any CPU
		{73477AFE-689B-4084-A52A-B87F4B88DDC2}.Release|Any CPU.Build.0 = Release|Any CPU
		{DD2FF588-9F63-4674-A3E3-DBBD418F7C70}.Debug|Any CPU.ActiveCfg = Debug|Any CPU
		{DD2FF588-9F63-4674-A3E3-DBBD418F7C70}.Debug|Any CPU.Build.0 = Debug|Any CPU
		{DD2FF588-9F63-4674-A3E3-DBBD418F7C70}.Release|Any CPU.ActiveCfg = Release|Any CPU
		{DD2FF588-9F63-4674-A3E3-DBBD418F7C70}.Release|Any CPU.Build.0 = Release|Any CPU
	EndGlobalSection
	GlobalSection(SolutionProperties) = preSolution
		HideSolutionNode = FALSE
	EndGlobalSection
	GlobalSection(NestedProjects) = preSolution
		{D9DF2F85-F6BB-4BEF-AE30-C60709313EEF} = {EC6D89B5-5788-4287-9E6E-96D8EA207FE4}
		{E73999C9-1D21-43AD-ABEA-34781105EB4B} = {79DCF263-7F06-4AEA-BEFA-3DE4DD3D4D44}
		{F7BC7E03-D674-4188-8237-DCB0103D6521} = {E73999C9-1D21-43AD-ABEA-34781105EB4B}
		{EC6D89B5-5788-4287-9E6E-96D8EA207FE4} = {F7BC7E03-D674-4188-8237-DCB0103D6521}
		{ADE8F03B-0C2E-4680-87C3-A9FF293208F9} = {F7BC7E03-D674-4188-8237-DCB0103D6521}
		{A80EA416-7F1B-4112-B4C8-CDB9AD1E27D1} = {ADE8F03B-0C2E-4680-87C3-A9FF293208F9}
		{4AEF624B-C06F-428F-8EB6-A72DD6D8F22A} = {A80EA416-7F1B-4112-B4C8-CDB9AD1E27D1}
		{03ADD3DD-E6DE-4A67-9BF6-4FC32BA408D9} = {E73999C9-1D21-43AD-ABEA-34781105EB4B}
		{2744EF12-1874-4BC2-8A86-7E7196F07F4E} = {03ADD3DD-E6DE-4A67-9BF6-4FC32BA408D9}
		{A4B1C128-3A32-4760-9321-D5E65CD519B4} = {2744EF12-1874-4BC2-8A86-7E7196F07F4E}
		{BC7D1C22-4950-436E-BBAE-27CA816DFDF7} = {E73999C9-1D21-43AD-ABEA-34781105EB4B}
		{01344683-B785-423C-BE1F-5B618BA8075D} = {BC7D1C22-4950-436E-BBAE-27CA816DFDF7}
		{65F23213-3B77-4DC2-A824-BE988400BBAF} = {01344683-B785-423C-BE1F-5B618BA8075D}
		{1229D5B1-FC45-437D-90FB-17FE36CFF50B} = {BC7D1C22-4950-436E-BBAE-27CA816DFDF7}
		{704C0FAE-B67C-4BA8-A19E-F95C12CBA03C} = {1229D5B1-FC45-437D-90FB-17FE36CFF50B}
		{681B3AA1-9B62-4BE2-9D11-08807D9D6AAB} = {704C0FAE-B67C-4BA8-A19E-F95C12CBA03C}
		{4B40C97C-950F-42FE-B8D0-B2B1EC5D9231} = {79DCF263-7F06-4AEA-BEFA-3DE4DD3D4D44}
		{C96AA482-B4B1-4C5D-AB96-E6239FE116F3} = {4B40C97C-950F-42FE-B8D0-B2B1EC5D9231}
		{4EC66CAB-DB30-4A24-8176-B3385173611E} = {C96AA482-B4B1-4C5D-AB96-E6239FE116F3}
		{BE709F3A-3ABD-42EC-830F-320C7B974223} = {C96AA482-B4B1-4C5D-AB96-E6239FE116F3}
		{6452DD4A-CA24-4ABB-A7C8-5D4E79EA4A50} = {BE709F3A-3ABD-42EC-830F-320C7B974223}
		{779B5C80-5E2F-467C-9F73-C233921CEF92} = {6452DD4A-CA24-4ABB-A7C8-5D4E79EA4A50}
		{09B27215-3579-4314-A3C7-761AF2C6A419} = {4AEF624B-C06F-428F-8EB6-A72DD6D8F22A}
		{6D614AA9-7AC6-4347-BD21-CC18F3690986} = {681B3AA1-9B62-4BE2-9D11-08807D9D6AAB}
		{9CF8449C-1F0A-443C-B801-7D191ED18B9E} = {4EC66CAB-DB30-4A24-8176-B3385173611E}
		{0A452F94-4E51-40D9-BE00-FBE63BFE862B} = {779B5C80-5E2F-467C-9F73-C233921CEF92}
		{1F69FEDF-36C6-4101-B04A-FB7E297127DE} = {E73999C9-1D21-43AD-ABEA-34781105EB4B}
		{DF9596AF-C7DB-4033-932E-99CDF4556DEE} = {1F69FEDF-36C6-4101-B04A-FB7E297127DE}
		{F5C3FCBC-AFD8-490E-823E-0AD7B084381D} = {DF9596AF-C7DB-4033-932E-99CDF4556DEE}
		{85F342B8-03AD-45D7-8B4E-2AEE4E99957E} = {1F69FEDF-36C6-4101-B04A-FB7E297127DE}
		{72955615-3797-4061-AABE-8AA77658C611} = {E73999C9-1D21-43AD-ABEA-34781105EB4B}
		{DC502596-4F3B-4AA2-AAC9-61B02AFF64EF} = {72955615-3797-4061-AABE-8AA77658C611}
		{3AE78E13-5DEA-4303-8D88-FC06D9268AA0} = {DC502596-4F3B-4AA2-AAC9-61B02AFF64EF}
		{F9E04DDF-E136-40CE-B51D-A0263B0F4CD4} = {72955615-3797-4061-AABE-8AA77658C611}
		{50FBD98F-D28D-41C8-864D-CF5E9AA4E160} = {F9E04DDF-E136-40CE-B51D-A0263B0F4CD4}
		{695F0371-B955-467A-B6AD-270B68A4E7D1} = {50FBD98F-D28D-41C8-864D-CF5E9AA4E160}
		{D26FC6C3-80D7-43A2-BE0D-321FAFFC3BC5} = {695F0371-B955-467A-B6AD-270B68A4E7D1}
		{6EB3A6D9-2DC8-4B29-98B9-735C6B5E3CE5} = {03ADD3DD-E6DE-4A67-9BF6-4FC32BA408D9}
		{B7C7DD5C-AC34-4280-B10A-7217D70671C9} = {6EB3A6D9-2DC8-4B29-98B9-735C6B5E3CE5}
		{0A4BD712-15F2-4F22-925F-F99704B00078} = {B7C7DD5C-AC34-4280-B10A-7217D70671C9}
		{905BFDA7-7B8F-48F1-96CE-46B75359E3BA} = {0A4BD712-15F2-4F22-925F-F99704B00078}
		{0E697866-9138-4CC5-8894-763AF24453D3} = {4B40C97C-950F-42FE-B8D0-B2B1EC5D9231}
		{F99158D9-C39A-4145-90EE-8EF394D06AB9} = {0E697866-9138-4CC5-8894-763AF24453D3}
		{5DB1C586-6876-4982-AB6C-A28D48B257B1} = {F99158D9-C39A-4145-90EE-8EF394D06AB9}
		{B2181DAA-C7DA-4C2A-9B83-98C005278AAB} = {0E697866-9138-4CC5-8894-763AF24453D3}
		{0F1DA1CF-F079-4094-89BE-CB0E216FEE06} = {B2181DAA-C7DA-4C2A-9B83-98C005278AAB}
		{9A9B2968-8AB2-49AD-B38A-AC681273D9E3} = {0F1DA1CF-F079-4094-89BE-CB0E216FEE06}
		{DEA891A5-C985-4BF4-B33E-CADC44B7E361} = {9A9B2968-8AB2-49AD-B38A-AC681273D9E3}
		{E617E10C-976E-41CA-932D-0F12BB3275D5} = {85F342B8-03AD-45D7-8B4E-2AEE4E99957E}
		{FD7313B6-3B98-4360-9969-D45E49A1C091} = {E617E10C-976E-41CA-932D-0F12BB3275D5}
		{4A207183-C2F5-45DB-BE4E-788C2266DF01} = {FD7313B6-3B98-4360-9969-D45E49A1C091}
		{1BB0813E-5F3D-4720-93AE-982DA27DA0C0} = {E73999C9-1D21-43AD-ABEA-34781105EB4B}
		{EF87547F-FDF5-4E1D-84C7-1D4E8AD1AE17} = {1BB0813E-5F3D-4720-93AE-982DA27DA0C0}
		{EF8D739C-FDFD-40F2-934C-17AF17AAE61F} = {EF87547F-FDF5-4E1D-84C7-1D4E8AD1AE17}
		{7A39E6A9-EABD-4E1E-AC04-8796D14AD4E4} = {4B40C97C-950F-42FE-B8D0-B2B1EC5D9231}
		{F3439663-C250-4D1B-A298-3FCA5D2DB8F8} = {7A39E6A9-EABD-4E1E-AC04-8796D14AD4E4}
		{73477AFE-689B-4084-A52A-B87F4B88DDC2} = {F3439663-C250-4D1B-A298-3FCA5D2DB8F8}
		{5CF3CDEB-555E-464D-B64E-47EE7FF1EDD7} = {E73999C9-1D21-43AD-ABEA-34781105EB4B}
		{BB641FE7-D7DF-4657-96A1-CD75B4FC9123} = {5CF3CDEB-555E-464D-B64E-47EE7FF1EDD7}
		{F3E578E9-8A4B-477F-B97C-0181D02FA96D} = {5CF3CDEB-555E-464D-B64E-47EE7FF1EDD7}
		{DD2FF588-9F63-4674-A3E3-DBBD418F7C70} = {BB641FE7-D7DF-4657-96A1-CD75B4FC9123}
		{8A0FB24A-8AD4-4076-8784-6A9446F3531F} = {F3E578E9-8A4B-477F-B97C-0181D02FA96D}
		{30E926E5-858C-462E-9B1F-8FC228D22C28} = {8A0FB24A-8AD4-4076-8784-6A9446F3531F}
		{4512F1FF-2618-4132-970C-2BC8814AC86B} = {30E926E5-858C-462E-9B1F-8FC228D22C28}
	EndGlobalSection
EndGlobal
